
Microsoft Visual Studio Solution File, Format Version 12.00
# Visual Studio Version 16
VisualStudioVersion = 16.0.31129.286
MinimumVisualStudioVersion = 10.0.40219.1
Project("{FAE04EC0-301F-11D3-BF4B-00C04F79EFBC}") = "ConversorDeDinheiro.ConsoleApp", "ConversorDeDinheiro.ConsoleApp\ConversorDeDinheiro.ConsoleApp.csproj", "{1F5C3D6E-EA88-4443-9052-C91F1CC6273E}"
EndProject
Project("{FAE04EC0-301F-11D3-BF4B-00C04F79EFBC}") = "ConversorDeDinheiro.Tests", "ConversorDeDinheiro.Tests\ConversorDeDinheiro.Tests.csproj", "{5D753A8A-A8B5-42C7-A8C1-EFA7ECF3F95D}"
EndProject
Global
	GlobalSection(SolutionConfigurationPlatforms) = preSolution
		Debug|Any CPU = Debug|Any CPU
		Release|Any CPU = Release|Any CPU
	EndGlobalSection
	GlobalSection(ProjectConfigurationPlatforms) = postSolution
		{1F5C3D6E-EA88-4443-9052-C91F1CC6273E}.Debug|Any CPU.ActiveCfg = Debug|Any CPU
		{1F5C3D6E-EA88-4443-9052-C91F1CC6273E}.Debug|Any CPU.Build.0 = Debug|Any CPU
		{1F5C3D6E-EA88-4443-9052-C91F1CC6273E}.Release|Any CPU.ActiveCfg = Release|Any CPU
		{1F5C3D6E-EA88-4443-9052-C91F1CC6273E}.Release|Any CPU.Build.0 = Release|Any CPU
		{5D753A8A-A8B5-42C7-A8C1-EFA7ECF3F95D}.Debug|Any CPU.ActiveCfg = Debug|Any CPU
		{5D753A8A-A8B5-42C7-A8C1-EFA7ECF3F95D}.Debug|Any CPU.Build.0 = Debug|Any CPU
		{5D753A8A-A8B5-42C7-A8C1-EFA7ECF3F95D}.Release|Any CPU.ActiveCfg = Release|Any CPU
		{5D753A8A-A8B5-42C7-A8C1-EFA7ECF3F95D}.Release|Any CPU.Build.0 = Release|Any CPU
	EndGlobalSection
	GlobalSection(SolutionProperties) = preSolution
		HideSolutionNode = FALSE
	EndGlobalSection
	GlobalSection(ExtensibilityGlobals) = postSolution
		SolutionGuid = {8AE51C57-6878-4815-B1FE-B8004B929A14}
	EndGlobalSection
EndGlobal
